
Microsoft Visual Studio Solution File, Format Version 12.00
# Visual Studio Version 17
VisualStudioVersion = 17.8.34322.80
MinimumVisualStudioVersion = 10.0.40219.1
Project("{FAE04EC0-301F-11D3-BF4B-00C04F79EFBC}") = "TestApplication", "TestApplication.csproj", "{FB56E734-BD2D-4ECC-8121-7EB70B4B79A6}"
EndProject
Project("{FAE04EC0-301F-11D3-BF4B-00C04F79EFBC}") = "TestApplication.Repositories", "..\TestApplication.Repositories\TestApplication.Repositories.csproj", "{274F726B-8C3F-4797-8EA4-E31CF540E5E8}"
EndProject
Project("{FAE04EC0-301F-11D3-BF4B-00C04F79EFBC}") = "TestApplication.Services", "..\TestApplication.Services\TestApplication.Services.csproj", "{EAD8CA92-B294-48E5-8DEE-5A2BE0EDC363}"
EndProject
Project("{FAE04EC0-301F-11D3-BF4B-00C04F79EFBC}") = "TestApplication.DTO", "..\TestApplication.DTO\TestApplication.DTO.csproj", "{E446F664-0828-4DE8-B29C-9C0B11B3CAFC}"
EndProject
Project("{FAE04EC0-301F-11D3-BF4B-00C04F79EFBC}") = "TestApplication.Data", "..\TestApplication.Data\TestApplication.Data.csproj", "{000E0BA3-2D9E-42D3-9642-68EDAFA854C9}"
EndProject
Global
	GlobalSection(SolutionConfigurationPlatforms) = preSolution
		Debug|Any CPU = Debug|Any CPU
		Release|Any CPU = Release|Any CPU
	EndGlobalSection
	GlobalSection(ProjectConfigurationPlatforms) = postSolution
		{FB56E734-BD2D-4ECC-8121-7EB70B4B79A6}.Debug|Any CPU.ActiveCfg = Debug|Any CPU
		{FB56E734-BD2D-4ECC-8121-7EB70B4B79A6}.Debug|Any CPU.Build.0 = Debug|Any CPU
		{FB56E734-BD2D-4ECC-8121-7EB70B4B79A6}.Release|Any CPU.ActiveCfg = Release|Any CPU
		{FB56E734-BD2D-4ECC-8121-7EB70B4B79A6}.Release|Any CPU.Build.0 = Release|Any CPU
		{274F726B-8C3F-4797-8EA4-E31CF540E5E8}.Debug|Any CPU.ActiveCfg = Debug|Any CPU
		{274F726B-8C3F-4797-8EA4-E31CF540E5E8}.Debug|Any CPU.Build.0 = Debug|Any CPU
		{274F726B-8C3F-4797-8EA4-E31CF540E5E8}.Release|Any CPU.ActiveCfg = Release|Any CPU
		{274F726B-8C3F-4797-8EA4-E31CF540E5E8}.Release|Any CPU.Build.0 = Release|Any CPU
		{EAD8CA92-B294-48E5-8DEE-5A2BE0EDC363}.Debug|Any CPU.ActiveCfg = Debug|Any CPU
		{EAD8CA92-B294-48E5-8DEE-5A2BE0EDC363}.Debug|Any CPU.Build.0 = Debug|Any CPU
		{EAD8CA92-B294-48E5-8DEE-5A2BE0EDC363}.Release|Any CPU.ActiveCfg = Release|Any CPU
		{EAD8CA92-B294-48E5-8DEE-5A2BE0EDC363}.Release|Any CPU.Build.0 = Release|Any CPU
		{E446F664-0828-4DE8-B29C-9C0B11B3CAFC}.Debug|Any CPU.ActiveCfg = Debug|Any CPU
		{E446F664-0828-4DE8-B29C-9C0B11B3CAFC}.Debug|Any CPU.Build.0 = Debug|Any CPU
		{E446F664-0828-4DE8-B29C-9C0B11B3CAFC}.Release|Any CPU.ActiveCfg = Release|Any CPU
		{E446F664-0828-4DE8-B29C-9C0B11B3CAFC}.Release|Any CPU.Build.0 = Release|Any CPU
		{000E0BA3-2D9E-42D3-9642-68EDAFA854C9}.Debug|Any CPU.ActiveCfg = Debug|Any CPU
		{000E0BA3-2D9E-42D3-9642-68EDAFA854C9}.Debug|Any CPU.Build.0 = Debug|Any CPU
		{000E0BA3-2D9E-42D3-9642-68EDAFA854C9}.Release|Any CPU.ActiveCfg = Release|Any CPU
		{000E0BA3-2D9E-42D3-9642-68EDAFA854C9}.Release|Any CPU.Build.0 = Release|Any CPU
	EndGlobalSection
	GlobalSection(SolutionProperties) = preSolution
		HideSolutionNode = FALSE
	EndGlobalSection
	GlobalSection(ExtensibilityGlobals) = postSolution
		SolutionGuid = {A2FBC484-C5F7-4D4B-AB3A-641F0071BB98}
	EndGlobalSection
EndGlobal
